PODS:
  - Google-Mobile-Ads-SDK (7.24.1)
  - Realm (2.10.0):
    - Realm/Headers (= 2.10.0)
  - Realm/Headers (2.10.0)
  - RealmSwift (2.10.0):
    - Realm (= 2.10.0)
  - RxCocoa (3.6.1):
    - RxSwift (~> 3.6)
  - RxSwift (3.6.1)
  - SDWebImage (4.1.0):
    - SDWebImage/Core (= 4.1.0)
  - SDWebImage/Core (4.1.0)
  - XLPagerTabStrip (7.0.0)

DEPENDENCIES:
  - Google-Mobile-Ads-SDK
  - RealmSwift
  - RxCocoa (~> 3.0)
  - RxSwift (~> 3.0)
  - SDWebImage (~> 4.0)
  - XLPagerTabStrip (~> 7.0)

SPEC CHECKSUMS:
  Google-Mobile-Ads-SDK: ed8004a7265b424568dc84f3d2bbe3ea3fff958f
  Realm: 98b3a25643cf6b3e07d2b99fb43fe0eb9c801dec
  RealmSwift: 34073ad3a31232bbaf7c0db898c037940284cba2
  RxCocoa: 84a08739ab186248c7f31ce4ee92d6f8a947d690
  RxSwift: f9de85ea20cd2f7716ee5409fc13523dc638e4e4
  SDWebImage: 0e435c14e402a6730315a0fb79f95e68654d55a4
  XLPagerTabStrip: 9be80a66c6b7d60306b2c0a6004965016d68f813

PODFILE CHECKSUM: 66b7ad07bc3fe751141755547bdacf41a8d93be2

COCOAPODS: 1.2.1
